<?xml version="1.0" encoding="utf-8"?>
<Project ToolsVersion="4.0" xmlns="http://schemas.microsoft.com/developer/msbuild/2003">
  <ItemGroup>
    <Filter Include="Source Files">
      <UniqueIdentifier>{4FC737F1-C7A5-4376-A066-2A32D752A2FF}</UniqueIdentifier>
      <Extensions>cpp;c;cc;cxx;def;odl;idl;hpj;bat;asm;asmx</Extensions>
    </Filter>
    <Filter Include="Header Files">
      <UniqueIdentifier>{93995380-89BD-4b04-88EB-625FBE52EBFB}</UniqueIdentifier>
      <Extensions>h;hh;hpp;hxx;hm;inl;inc;ipp;xsd</Extensions>
    </Filter>
    <Filter Include="Resource Files">
      <UniqueIdentifier>{67DA6AB6-F800-4c08-8B7A-83BB121AAD01}</UniqueIdentifier>
      <Extensions>rc;ico;cur;bmp;dlg;rc2;rct;bin;rgs;gif;jpg;jpeg;jpe;resx;tiff;tif;png;wav;mfcribbon-ms</Extensions>
    </Filter>
    <Filter Include="Header Files\Math">
      <UniqueIdentifier>{de47fbbe-ea80-4b20-8527-28d030f2ab33}</UniqueIdentifier>
    </Filter>
    <Filter Include="Header Files\Rendering">
      <UniqueIdentifier>{e808d425-feed-4484-92e7-6515e3de2265}</UniqueIdentifier>
    </Filter>
    <Filter Include="Header Files\Events">
      <UniqueIdentifier>{758b50d2-6a97-4406-9bf4-63e3e05168d6}</UniqueIdentifier>
    </Filter>
    <Filter Include="Source Files\Rendering">
      <UniqueIdentifier>{13007015-b256-4da3-a60f-8aaa0575b4b9}</UniqueIdentifier>
    </Filter>
    <Filter Include="Header Files\Input">
      <UniqueIdentifier>{2754753b-2a61-4820-bd98-dc05178b2ce6}</UniqueIdentifier>
    </Filter>
    <Filter Include="Source Files\Input">
      <UniqueIdentifier>{72cd6261-260a-422f-b37b-5addcab88bcb}</UniqueIdentifier>
    </Filter>
    <Filter Include="Header Files\Utility">
      <UniqueIdentifier>{dd08d759-d5a4-408c-bc96-db703f14a122}</UniqueIdentifier>
    </Filter>
    <Filter Include="Source Files\Utility">
      <UniqueIdentifier>{b52835d8-b383-4ad5-9631-f187e6f5925a}</UniqueIdentifier>
    </Filter>
    <Filter Include="Resource Files\Shaders">
      <UniqueIdentifier>{b025b26c-64e3-4063-a331-c68b8522acb1}</UniqueIdentifier>
    </Filter>
    <Filter Include="Source Files\Math">
      <UniqueIdentifier>{8941d66d-58fe-4a57-8e7b-2645eba9eb8f}</UniqueIdentifier>
    </Filter>
    <Filter Include="Header Files\Scene">
      <UniqueIdentifier>{2cf3af53-67c7-4e05-b802-676f1512f3c5}</UniqueIdentifier>
    </Filter>
    <Filter Include="Source Files\Scene">
      <UniqueIdentifier>{8f117c1b-733e-4c38-9856-8be237461214}</UniqueIdentifier>
    </Filter>
    <Filter Include="Resource Files\Meshes">
      <UniqueIdentifier>{04c66bdb-3808-4b7a-ac22-3588a8247fe9}</UniqueIdentifier>
    </Filter>
    <Filter Include="Resource Files\Textures">
      <UniqueIdentifier>{bcc8c641-067e-4999-a2ba-656f3f99cfa5}</UniqueIdentifier>
    </Filter>
    <Filter Include="Header Files\Rendering\Shapes">
      <UniqueIdentifier>{be5f948f-3910-4f4e-b3a7-cbf242bd3f35}</UniqueIdentifier>
    </Filter>
    <Filter Include="Header Files\Core">
      <UniqueIdentifier>{43a5baec-6794-4206-88bb-24171da579df}</UniqueIdentifier>
    </Filter>
    <Filter Include="Source Files\Core">
      <UniqueIdentifier>{49812430-b827-4f5b-9591-d3308a4639e3}</UniqueIdentifier>
    </Filter>
    <Filter Include="Header Files\Game">
      <UniqueIdentifier>{187b3832-d73f-4ab9-ae25-03a9ef6457dc}</UniqueIdentifier>
    </Filter>
    <Filter Include="Source Files\Game">
      <UniqueIdentifier>{bf8110ac-756d-4122-8ad7-90cb9a1d9ae9}</UniqueIdentifier>
    </Filter>
    <Filter Include="Header Files\TestGame">
      <UniqueIdentifier>{0cd3a96a-f3a2-45d3-ae63-6fb94f6f62a0}</UniqueIdentifier>
    </Filter>
    <Filter Include="Source Files\TestGame">
      <UniqueIdentifier>{a6801b76-970b-43cd-a1d2-58cb9f5d5322}</UniqueIdentifier>
    </Filter>
    <Filter Include="Header Files\Game\Components">
      <UniqueIdentifier>{4fe0c51e-4266-47d3-b053-6db629fa635a}</UniqueIdentifier>
    </Filter>
    <Filter Include="Source Files\Game\Components">
      <UniqueIdentifier>{919781da-b315-4ffc-9aa1-18c2cc828108}</UniqueIdentifier>
    </Filter>
    <Filter Include="Header Files\Rendering\Shaders">
      <UniqueIdentifier>{85fbb43a-2faf-42f3-8a8a-01bb84ed0c52}</UniqueIdentifier>
    </Filter>
    <Filter Include="Source Files\Rendering\Shaders">
      <UniqueIdentifier>{8658a724-d16b-4af5-a588-c7e3bf420c78}</UniqueIdentifier>
    </Filter>
    <Filter Include="Header Files\Entity Component System">
      <UniqueIdentifier>{9f2a4fc0-de59-4159-9b5c-85a4ba187155}</UniqueIdentifier>
    </Filter>
    <Filter Include="Source Files\Entity Component System">
      <UniqueIdentifier>{f100409e-3093-44b7-b53e-c5b374de6f4b}</UniqueIdentifier>
    </Filter>
    <Filter Include="Source Files\Data Stuctures">
      <UniqueIdentifier>{c46aab80-3c0b-4a13-8f13-c06cd54f2855}</UniqueIdentifier>
    </Filter>
    <Filter Include="Header Files\Data Structures">
      <UniqueIdentifier>{944da66c-ca40-43ef-a81d-ef6da026deed}</UniqueIdentifier>
    </Filter>
  </ItemGroup>
  <ItemGroup>
    <ClCompile Include="src\Rendering\Lina_RenderingEngine.cpp">
      <Filter>Source Files\Rendering</Filter>
    </ClCompile>
    <ClCompile Include="src\Rendering\Lina_Window.cpp">
      <Filter>Source Files\Rendering</Filter>
    </ClCompile>
    <ClCompile Include="src\Input\Lina_InputEngine.cpp">
      <Filter>Source Files\Input</Filter>
    </ClCompile>
    <ClCompile Include="src\Utility\Lina_Time.cpp">
      <Filter>Source Files\Utility</Filter>
    </ClCompile>
    <ClCompile Include="src\Rendering\Lina_Mesh.cpp">
      <Filter>Source Files\Rendering</Filter>
    </ClCompile>
    <ClCompile Include="src\Utility\Lina_ResourceLoader.cpp">
      <Filter>Source Files\Utility</Filter>
    </ClCompile>
    <ClCompile Include="src\Scene\Lina_Scene.cpp">
      <Filter>Source Files\Scene</Filter>
    </ClCompile>
    <ClCompile Include="src\Math\Lina_Quaternion.cpp">
      <Filter>Source Files\Math</Filter>
    </ClCompile>
    <ClCompile Include="src\Math\Lina_Math.cpp">
      <Filter>Source Files\Math</Filter>
    </ClCompile>
    <ClCompile Include="src\Scene\Lina_Camera.cpp">
      <Filter>Source Files\Scene</Filter>
    </ClCompile>
    <ClCompile Include="src\Rendering\Lina_Texture.cpp">
      <Filter>Source Files\Rendering</Filter>
    </ClCompile>
    <ClCompile Include="src\Rendering\Lina_Material.cpp">
      <Filter>Source Files\Rendering</Filter>
    </ClCompile>
    <ClCompile Include="src\Rendering\Lina_Vertex.cpp">
      <Filter>Source Files\Rendering</Filter>
    </ClCompile>
    <ClCompile Include="src\Core\Lina_Core.cpp">
      <Filter>Source Files\Core</Filter>
    </ClCompile>
    <ClCompile Include="src\Core\Lina_CoreMessageBus.cpp">
      <Filter>Source Files\Core</Filter>
    </ClCompile>
    <ClCompile Include="src\Core\Lina_Main.cpp">
      <Filter>Source Files\Core</Filter>
    </ClCompile>
    <ClCompile Include="src\Core\Lina_SDLHandler.cpp">
      <Filter>Source Files\Core</Filter>
    </ClCompile>
    <ClCompile Include="src\Core\Lina_Transform.cpp">
      <Filter>Source Files\Core</Filter>
    </ClCompile>
    <ClCompile Include="src\Utility\stb_image.cpp">
      <Filter>Source Files\Utility</Filter>
    </ClCompile>
    <ClCompile Include="src\pch.cpp">
      <Filter>Source Files</Filter>
    </ClCompile>
    <ClCompile Include="TestGame\src\Lina_TestGame.cpp">
      <Filter>Source Files\TestGame</Filter>
    </ClCompile>
    <ClCompile Include="src\Game\Lina_GameCore.cpp">
      <Filter>Source Files\Game</Filter>
    </ClCompile>
    <ClCompile Include="TestGame\src\Lina_TestScene1.cpp">
      <Filter>Source Files\TestGame</Filter>
    </ClCompile>
    <ClCompile Include="src\Game\Lina_Actor.cpp">
      <Filter>Source Files\Game</Filter>
    </ClCompile>
    <ClCompile Include="src\Game\Lina_ActorComponent.cpp">
      <Filter>Source Files\Game</Filter>
    </ClCompile>
    <ClCompile Include="src\Game\Components\Lina_MeshRenderer.cpp">
      <Filter>Source Files\Game\Components</Filter>
    </ClCompile>
    <ClCompile Include="src\Core\Lina_EngineInstances.cpp">
      <Filter>Source Files\Core</Filter>
    </ClCompile>
    <ClCompile Include="src\Rendering\Shaders\Lina_BasicShader.cpp">
      <Filter>Source Files\Rendering\Shaders</Filter>
    </ClCompile>
    <ClCompile Include="src\Rendering\Shaders\Lina_Shader.cpp">
      <Filter>Source Files\Rendering\Shaders</Filter>
    </ClCompile>
    <ClCompile Include="src\Rendering\Shaders\Lina_ForwardSpotLightShader.cpp">
      <Filter>Source Files\Rendering\Shaders</Filter>
    </ClCompile>
    <ClCompile Include="src\Rendering\Shaders\Lina_ForwardPointLightShader.cpp">
      <Filter>Source Files\Rendering\Shaders</Filter>
    </ClCompile>
    <ClCompile Include="src\Rendering\Shaders\Lina_ForwardDirectionalLightShader.cpp">
      <Filter>Source Files\Rendering\Shaders</Filter>
    </ClCompile>
    <ClCompile Include="src\Rendering\Shaders\Lina_ForwardAmbientLightShader.cpp">
      <Filter>Source Files\Rendering\Shaders</Filter>
    </ClCompile>
    <ClCompile Include="src\ECS\Lina_ECSComponent.cpp">
      <Filter>Source Files\Entity Component System</Filter>
    </ClCompile>
    <ClCompile Include="src\ECS\Lina_ECS.cpp">
      <Filter>Source Files\Entity Component System</Filter>
    </ClCompile>
    <ClCompile Include="src\DataStructures\Lina_Color.cpp">
      <Filter>Source Files\Data Stuctures</Filter>
    </ClCompile>
    <ClCompile Include="src\Rendering\Lina_Lighting.cpp">
      <Filter>Source Files\Rendering</Filter>
    </ClCompile>
    <ClCompile Include="src\Math\Lina_Vector.cpp">
      <Filter>Source Files\Math</Filter>
    </ClCompile>
    <ClCompile Include="src\Math\Lina_Matrix.cpp">
      <Filter>Source Files\Math</Filter>
    </ClCompile>
  </ItemGroup>
  <ItemGroup>
    <ClInclude Include="inc\Utility\stb_image.h">
      <Filter>Header Files\Utility</Filter>
    </ClInclude>
    <ClInclude Include="inc\pch.h">
      <Filter>Header Files</Filter>
    </ClInclude>
    <ClInclude Include="inc\Core\Lina_Core.hpp">
      <Filter>Header Files\Core</Filter>
    </ClInclude>
    <ClInclude Include="inc\Core\Lina_CoreMessageBus.hpp">
      <Filter>Header Files\Core</Filter>
    </ClInclude>
    <ClInclude Include="inc\Core\Lina_EngineInstances.hpp">
      <Filter>Header Files\Core</Filter>
    </ClInclude>
    <ClInclude Include="inc\Core\Lina_ObjectHandler.hpp">
      <Filter>Header Files\Core</Filter>
    </ClInclude>
    <ClInclude Include="inc\Core\Lina_SDLHandler.hpp">
      <Filter>Header Files\Core</Filter>
    </ClInclude>
    <ClInclude Include="inc\Core\Lina_Transform.hpp">
      <Filter>Header Files\Core</Filter>
    </ClInclude>
    <ClInclude Include="inc\Events\Lina_Actions.hpp">
      <Filter>Header Files\Events</Filter>
    </ClInclude>
    <ClInclude Include="inc\Events\Lina_Signals.hpp">
      <Filter>Header Files\Events</Filter>
    </ClInclude>
    <ClInclude Include="inc\Game\Components\Lina_MeshRenderer.hpp">
      <Filter>Header Files\Game\Components</Filter>
    </ClInclude>
    <ClInclude Include="inc\Game\Lina_ActorComponent.hpp">
      <Filter>Header Files\Game</Filter>
    </ClInclude>
    <ClInclude Include="inc\Game\Lina_GameCore.hpp">
      <Filter>Header Files\Game</Filter>
    </ClInclude>
    <ClInclude Include="inc\Game\Lina_Actor.hpp">
      <Filter>Header Files\Game</Filter>
    </ClInclude>
    <ClInclude Include="inc\Input\Lina_InputEngine.hpp">
      <Filter>Header Files\Input</Filter>
    </ClInclude>
    <ClInclude Include="inc\Math\Lina_Math.hpp">
      <Filter>Header Files\Math</Filter>
    </ClInclude>
    <ClInclude Include="inc\Math\Lina_Quaternion.hpp">
      <Filter>Header Files\Math</Filter>
    </ClInclude>
    <ClInclude Include="inc\Rendering\Lina_Mesh.hpp">
      <Filter>Header Files\Rendering</Filter>
    </ClInclude>
    <ClInclude Include="inc\Rendering\Lina_Material.hpp">
      <Filter>Header Files\Rendering</Filter>
    </ClInclude>
    <ClInclude Include="inc\Rendering\Lina_RenderingEngine.hpp">
      <Filter>Header Files\Rendering</Filter>
    </ClInclude>
    <ClInclude Include="inc\Rendering\Lina_Texture.hpp">
      <Filter>Header Files\Rendering</Filter>
    </ClInclude>
    <ClInclude Include="inc\Rendering\Lina_Vertex.hpp">
      <Filter>Header Files\Rendering</Filter>
    </ClInclude>
    <ClInclude Include="inc\Rendering\Lina_Window.hpp">
      <Filter>Header Files\Rendering</Filter>
    </ClInclude>
    <ClInclude Include="inc\Rendering\Shaders\Lina_BasicShader.hpp">
      <Filter>Header Files\Rendering\Shaders</Filter>
    </ClInclude>
    <ClInclude Include="inc\Rendering\Shaders\Lina_ForwardAmbientLightShader.hpp">
      <Filter>Header Files\Rendering\Shaders</Filter>
    </ClInclude>
    <ClInclude Include="inc\Rendering\Shaders\Lina_ForwardDirectionalLightShader.hpp">
      <Filter>Header Files\Rendering\Shaders</Filter>
    </ClInclude>
    <ClInclude Include="inc\Rendering\Shaders\Lina_ForwardPointLightShader.hpp">
      <Filter>Header Files\Rendering\Shaders</Filter>
    </ClInclude>
    <ClInclude Include="inc\Rendering\Shaders\Lina_ForwardSpotLightShader.hpp">
      <Filter>Header Files\Rendering\Shaders</Filter>
    </ClInclude>
    <ClInclude Include="inc\Rendering\Shaders\Lina_Shader.hpp">
      <Filter>Header Files\Rendering\Shaders</Filter>
    </ClInclude>
    <ClInclude Include="inc\Rendering\Lina_DefaultCubeMesh.hpp">
      <Filter>Header Files\Rendering\Shapes</Filter>
    </ClInclude>
    <ClInclude Include="inc\Scene\Lina_Camera.hpp">
      <Filter>Header Files\Scene</Filter>
    </ClInclude>
    <ClInclude Include="inc\Scene\Lina_Scene.hpp">
      <Filter>Header Files\Scene</Filter>
    </ClInclude>
    <ClInclude Include="TestGame\inc\Lina_TestGame.hpp">
      <Filter>Header Files\TestGame</Filter>
    </ClInclude>
    <ClInclude Include="TestGame\inc\Lina_TestScene1.hpp">
      <Filter>Header Files\TestGame</Filter>
    </ClInclude>
    <ClInclude Include="inc\Utility\Lina_Console.hpp">
      <Filter>Header Files\Utility</Filter>
    </ClInclude>
    <ClInclude Include="inc\Utility\Lina_ResourceLoader.hpp">
      <Filter>Header Files\Utility</Filter>
    </ClInclude>
    <ClInclude Include="inc\Utility\Lina_Globals.hpp">
      <Filter>Header Files\Utility</Filter>
    </ClInclude>
    <ClInclude Include="inc\Utility\Lina_Time.hpp">
      <Filter>Header Files\Utility</Filter>
    </ClInclude>
    <ClInclude Include="inc\DataStructures\Lina_DSArray.hpp">
      <Filter>Header Files\Data Structures</Filter>
    </ClInclude>
    <ClInclude Include="inc\Utility\Lina_Common.hpp">
      <Filter>Header Files\Utility</Filter>
    </ClInclude>
    <ClInclude Include="inc\ECS\Lina_ECSComponent.hpp">
      <Filter>Header Files\Entity Component System</Filter>
    </ClInclude>
    <ClInclude Include="inc\ECS\Lina_ECSSystem.hpp">
      <Filter>Header Files\Entity Component System</Filter>
    </ClInclude>
    <ClInclude Include="inc\ECS\Lina_ECS.hpp">
      <Filter>Header Files\Entity Component System</Filter>
    </ClInclude>
    <ClInclude Include="inc\DataStructures\Lina_Color.hpp">
      <Filter>Header Files\Data Structures</Filter>
    </ClInclude>
    <ClInclude Include="inc\Rendering\Lina_Lighting.hpp">
      <Filter>Header Files\Rendering</Filter>
    </ClInclude>
    <ClInclude Include="inc\Math\Lina_Vector.hpp">
      <Filter>Header Files\Math</Filter>
    </ClInclude>
    <ClInclude Include="inc\Math\Lina_Matrix.hpp">
      <Filter>Header Files\Math</Filter>
    </ClInclude>
  </ItemGroup>
  <ItemGroup>
    <None Include="Resources\Shaders\basic.vert">
      <Filter>Resource Files\Shaders</Filter>
    </None>
    <None Include="Resources\Shaders\basic.frag">
      <Filter>Resource Files\Shaders</Filter>
    </None>
    <None Include="Resources\Shaders\Lina_BasicFragment.fs">
      <Filter>Resource Files\Shaders</Filter>
    </None>
    <None Include="Resources\Shaders\Lina_BasicVertex.vs">
      <Filter>Resource Files\Shaders</Filter>
    </None>
    <None Include="Resources\Shaders\Lina_PhongFragment.fs">
      <Filter>Resource Files\Shaders</Filter>
    </None>
    <None Include="Resources\Shaders\Lina_PhongVertex.vs">
      <Filter>Resource Files\Shaders</Filter>
    </None>
  </ItemGroup>
  <ItemGroup>
    <Image Include="Resources\Textures\container2.png">
      <Filter>Resource Files\Textures</Filter>
    </Image>
    <Image Include="Resources\Textures\grid.png">
      <Filter>Resource Files\Textures</Filter>
    </Image>
  </ItemGroup>
</Project>