<?xml version="1.0" encoding="utf-8"?>
<Project ToolsVersion="4.0" xmlns="http://schemas.microsoft.com/developer/msbuild/2003">
  <ItemGroup>
    <Filter Include="Lina">
      <UniqueIdentifier>{8989887C-75C0-890D-1EAD-6F100AC3050F}</UniqueIdentifier>
    </Filter>
    <Filter Include="Lina\Engine Utility">
      <UniqueIdentifier>{0293A566-6EF4-8274-F761-C92663C2B933}</UniqueIdentifier>
    </Filter>
  </ItemGroup>
  <ItemGroup>
    <ClInclude Include="src\Lina.hpp" />
    <ClInclude Include="src\Lina\Engine Utility\Lina_Log.hpp">
      <Filter>Lina\Engine Utility</Filter>
    </ClInclude>
    <ClInclude Include="src\Lina\Lina_Application.hpp">
      <Filter>Lina</Filter>
    </ClInclude>
    <ClInclude Include="src\Lina\Lina_Core.hpp">
      <Filter>Lina</Filter>
    </ClInclude>
    <ClInclude Include="src\Lina\Lina_EntryPoint.hpp">
      <Filter>Lina</Filter>
    </ClInclude>
  </ItemGroup>
  <ItemGroup>
    <ClCompile Include="src\Lina\Engine Utility\Lina_Log.cpp">
      <Filter>Lina\Engine Utility</Filter>
    </ClCompile>
    <ClCompile Include="src\Lina\Lina_Application.cpp">
      <Filter>Lina</Filter>
    </ClCompile>
  </ItemGroup>
</Project>