<?xml version="1.0" encoding="utf-8"?>
<Project ToolsVersion="4.0" xmlns="http://schemas.microsoft.com/developer/msbuild/2003">
  <ItemGroup>
    <Filter Include="Source Files">
      <UniqueIdentifier>{4FC737F1-C7A5-4376-A066-2A32D752A2FF}</UniqueIdentifier>
      <Extensions>cpp;c;cc;cxx;def;odl;idl;hpj;bat;asm;asmx</Extensions>
    </Filter>
    <Filter Include="Header Files">
      <UniqueIdentifier>{93995380-89BD-4b04-88EB-625FBE52EBFB}</UniqueIdentifier>
      <Extensions>h;hh;hpp;hxx;hm;inl;inc;ipp;xsd</Extensions>
    </Filter>
    <Filter Include="Resource Files">
      <UniqueIdentifier>{67DA6AB6-F800-4c08-8B7A-83BB121AAD01}</UniqueIdentifier>
      <Extensions>rc;ico;cur;bmp;dlg;rc2;rct;bin;rgs;gif;jpg;jpeg;jpe;resx;tiff;tif;png;wav;mfcribbon-ms</Extensions>
    </Filter>
    <Filter Include="Header Files\Math">
      <UniqueIdentifier>{de47fbbe-ea80-4b20-8527-28d030f2ab33}</UniqueIdentifier>
    </Filter>
    <Filter Include="Header Files\Rendering">
      <UniqueIdentifier>{e808d425-feed-4484-92e7-6515e3de2265}</UniqueIdentifier>
    </Filter>
    <Filter Include="Header Files\Events">
      <UniqueIdentifier>{758b50d2-6a97-4406-9bf4-63e3e05168d6}</UniqueIdentifier>
    </Filter>
    <Filter Include="Source Files\Rendering">
      <UniqueIdentifier>{13007015-b256-4da3-a60f-8aaa0575b4b9}</UniqueIdentifier>
    </Filter>
    <Filter Include="Header Files\Input">
      <UniqueIdentifier>{2754753b-2a61-4820-bd98-dc05178b2ce6}</UniqueIdentifier>
    </Filter>
    <Filter Include="Source Files\Input">
      <UniqueIdentifier>{72cd6261-260a-422f-b37b-5addcab88bcb}</UniqueIdentifier>
    </Filter>
    <Filter Include="Header Files\Utility">
      <UniqueIdentifier>{dd08d759-d5a4-408c-bc96-db703f14a122}</UniqueIdentifier>
    </Filter>
    <Filter Include="Source Files\Utility">
      <UniqueIdentifier>{b52835d8-b383-4ad5-9631-f187e6f5925a}</UniqueIdentifier>
    </Filter>
    <Filter Include="Resource Files\Shaders">
      <UniqueIdentifier>{b025b26c-64e3-4063-a331-c68b8522acb1}</UniqueIdentifier>
    </Filter>
    <Filter Include="Source Files\Math">
      <UniqueIdentifier>{8941d66d-58fe-4a57-8e7b-2645eba9eb8f}</UniqueIdentifier>
    </Filter>
    <Filter Include="Header Files\Scene">
      <UniqueIdentifier>{2cf3af53-67c7-4e05-b802-676f1512f3c5}</UniqueIdentifier>
    </Filter>
    <Filter Include="Source Files\Scene">
      <UniqueIdentifier>{8f117c1b-733e-4c38-9856-8be237461214}</UniqueIdentifier>
    </Filter>
    <Filter Include="Resource Files\Meshes">
      <UniqueIdentifier>{04c66bdb-3808-4b7a-ac22-3588a8247fe9}</UniqueIdentifier>
    </Filter>
  </ItemGroup>
  <ItemGroup>
    <ClCompile Include="src\pch.cpp">
      <Filter>Source Files</Filter>
    </ClCompile>
    <ClCompile Include="src\Lina_Core.cpp">
      <Filter>Source Files</Filter>
    </ClCompile>
    <ClCompile Include="src\Lina_Main.cpp">
      <Filter>Source Files</Filter>
    </ClCompile>
    <ClCompile Include="src\Lina_GameCore.cpp">
      <Filter>Source Files</Filter>
    </ClCompile>
    <ClCompile Include="src\Lina_SDLHandler.cpp">
      <Filter>Source Files</Filter>
    </ClCompile>
    <ClCompile Include="src\stb_image.cpp">
      <Filter>Source Files</Filter>
    </ClCompile>
    <ClCompile Include="src\Rendering\Lina_RenderingEngine.cpp">
      <Filter>Source Files\Rendering</Filter>
    </ClCompile>
    <ClCompile Include="src\Rendering\Lina_Window.cpp">
      <Filter>Source Files\Rendering</Filter>
    </ClCompile>
    <ClCompile Include="src\Input\Lina_InputEngine.cpp">
      <Filter>Source Files\Input</Filter>
    </ClCompile>
    <ClCompile Include="src\Utility\Lina_Time.cpp">
      <Filter>Source Files\Utility</Filter>
    </ClCompile>
    <ClCompile Include="src\Lina_CoreMessageBus.cpp">
      <Filter>Source Files</Filter>
    </ClCompile>
    <ClCompile Include="src\Rendering\Lina_Mesh.cpp">
      <Filter>Source Files\Rendering</Filter>
    </ClCompile>
    <ClCompile Include="src\Rendering\Lina_ExampleShader.cpp">
      <Filter>Source Files\Rendering</Filter>
    </ClCompile>
    <ClCompile Include="src\Utility\Lina_ResourceLoader.cpp">
      <Filter>Source Files\Utility</Filter>
    </ClCompile>
    <ClCompile Include="src\Rendering\Lina_Shader.cpp">
      <Filter>Source Files\Rendering</Filter>
    </ClCompile>
    <ClCompile Include="src\Scene\Lina_Scene.cpp">
      <Filter>Source Files\Scene</Filter>
    </ClCompile>
  </ItemGroup>
  <ItemGroup>
    <ClInclude Include="inc\pch.h">
      <Filter>Header Files</Filter>
    </ClInclude>
    <ClInclude Include="inc\Lina_Core.h">
      <Filter>Header Files</Filter>
    </ClInclude>
    <ClInclude Include="inc\Lina_GameCore.h">
      <Filter>Header Files</Filter>
    </ClInclude>
    <ClInclude Include="inc\Lina_ObjectHandler.h">
      <Filter>Header Files</Filter>
    </ClInclude>
    <ClInclude Include="inc\stb_image.h">
      <Filter>Header Files</Filter>
    </ClInclude>
    <ClInclude Include="inc\Math\Lina_Math.h">
      <Filter>Header Files\Math</Filter>
    </ClInclude>
    <ClInclude Include="inc\Math\Lina_Matrix4F.h">
      <Filter>Header Files\Math</Filter>
    </ClInclude>
    <ClInclude Include="inc\Math\Lina_Quaternion.h">
      <Filter>Header Files\Math</Filter>
    </ClInclude>
    <ClInclude Include="inc\Math\Lina_Vector2F.h">
      <Filter>Header Files\Math</Filter>
    </ClInclude>
    <ClInclude Include="inc\Math\Lina_Vector3F.h">
      <Filter>Header Files\Math</Filter>
    </ClInclude>
    <ClInclude Include="inc\Events\Lina_Actions.h">
      <Filter>Header Files\Events</Filter>
    </ClInclude>
    <ClInclude Include="inc\Events\Lina_Signals.h">
      <Filter>Header Files\Events</Filter>
    </ClInclude>
    <ClInclude Include="inc\Rendering\Lina_Window.h">
      <Filter>Header Files\Rendering</Filter>
    </ClInclude>
    <ClInclude Include="inc\Rendering\Lina_RenderingEngine.h">
      <Filter>Header Files\Rendering</Filter>
    </ClInclude>
    <ClInclude Include="inc\Input\Lina_InputEngine.h">
      <Filter>Header Files\Input</Filter>
    </ClInclude>
    <ClInclude Include="inc\Lina_SDLHandler.h">
      <Filter>Header Files</Filter>
    </ClInclude>
    <ClInclude Include="inc\Utility\Lina_Time.h">
      <Filter>Header Files\Utility</Filter>
    </ClInclude>
    <ClInclude Include="inc\Utility\Lina_Console.h">
      <Filter>Header Files\Utility</Filter>
    </ClInclude>
    <ClInclude Include="inc\Lina_CoreMessageBus.h">
      <Filter>Header Files</Filter>
    </ClInclude>
    <ClInclude Include="inc\Rendering\Lina_Vertex.h">
      <Filter>Header Files\Rendering</Filter>
    </ClInclude>
    <ClInclude Include="inc\Rendering\Lina_Mesh.h">
      <Filter>Header Files\Rendering</Filter>
    </ClInclude>
    <ClInclude Include="inc\Rendering\Lina_ExampleShader.h">
      <Filter>Header Files\Rendering</Filter>
    </ClInclude>
    <ClInclude Include="inc\Utility\Lina_ResourceLoader.h">
      <Filter>Header Files\Utility</Filter>
    </ClInclude>
    <ClInclude Include="inc\Rendering\Lina_Shader.h">
      <Filter>Header Files\Rendering</Filter>
    </ClInclude>
    <ClInclude Include="inc\Lina_Transform.h">
      <Filter>Header Files</Filter>
    </ClInclude>
    <ClInclude Include="inc\Scene\Lina_Scene.h">
      <Filter>Header Files\Scene</Filter>
    </ClInclude>
    <ClInclude Include="inc\Utility\Lina_Globals.h">
      <Filter>Header Files\Utility</Filter>
    </ClInclude>
  </ItemGroup>
  <ItemGroup>
    <None Include="Resources\Shaders\basic.vert">
      <Filter>Resource Files\Shaders</Filter>
    </None>
    <None Include="Resources\Shaders\basic.frag">
      <Filter>Resource Files\Shaders</Filter>
    </None>
    <None Include="Resources\Shaders\Lina_BasicFragment.fs">
      <Filter>Resource Files\Shaders</Filter>
    </None>
    <None Include="Resources\Shaders\Lina_BasicVertex.vs">
      <Filter>Resource Files\Shaders</Filter>
    </None>
  </ItemGroup>
  <ItemGroup>
    <Image Include="Resources\Textures\container2.png">
      <Filter>Resource Files</Filter>
    </Image>
  </ItemGroup>
</Project>